
Microsoft Visual Studio Solution File, Format Version 12.00
# Visual Studio Version 17
VisualStudioVersion = 17.8.34322.80
MinimumVisualStudioVersion = 10.0.40219.1
Project("{9A19103F-16F7-4668-BE54-9A1E7A4F7556}") = "ConsoleApp.OutputDemo", "ConsoleApp.OutputDemo\ConsoleApp.OutputDemo.csproj", "{955313A4-768F-42BE-9501-AAA25D64443D}"
EndProject
Project("{9A19103F-16F7-4668-BE54-9A1E7A4F7556}") = "ConsoleApp.VariableDemo", "ConsoleApp.VariableDemo\ConsoleApp.VariableDemo.csproj", "{1AAAB111-62C0-4B47-AEA9-B3C8ACD773B5}"
EndProject
Project("{FAE04EC0-301F-11D3-BF4B-00C04F79EFBC}") = "ConsoleApp.UserInputDemo", "ConsoleApp.UserInputDemo\ConsoleApp.UserInputDemo.csproj", "{7D72BE55-FAFD-4D2F-BC53-AE1E13A47547}"
EndProject
Global
	GlobalSection(SolutionConfigurationPlatforms) = preSolution
		Debug|Any CPU = Debug|Any CPU
		Release|Any CPU = Release|Any CPU
	EndGlobalSection
	GlobalSection(ProjectConfigurationPlatforms) = postSolution
		{955313A4-768F-42BE-9501-AAA25D64443D}.Debug|Any CPU.ActiveCfg = Debug|Any CPU
		{955313A4-768F-42BE-9501-AAA25D64443D}.Debug|Any CPU.Build.0 = Debug|Any CPU
		{955313A4-768F-42BE-9501-AAA25D64443D}.Release|Any CPU.ActiveCfg = Release|Any CPU
		{955313A4-768F-42BE-9501-AAA25D64443D}.Release|Any CPU.Build.0 = Release|Any CPU
		{1AAAB111-62C0-4B47-AEA9-B3C8ACD773B5}.Debug|Any CPU.ActiveCfg = Debug|Any CPU
		{1AAAB111-62C0-4B47-AEA9-B3C8ACD773B5}.Debug|Any CPU.Build.0 = Debug|Any CPU
		{1AAAB111-62C0-4B47-AEA9-B3C8ACD773B5}.Release|Any CPU.ActiveCfg = Release|Any CPU
		{1AAAB111-62C0-4B47-AEA9-B3C8ACD773B5}.Release|Any CPU.Build.0 = Release|Any CPU
		{7D72BE55-FAFD-4D2F-BC53-AE1E13A47547}.Debug|Any CPU.ActiveCfg = Debug|Any CPU
		{7D72BE55-FAFD-4D2F-BC53-AE1E13A47547}.Debug|Any CPU.Build.0 = Debug|Any CPU
		{7D72BE55-FAFD-4D2F-BC53-AE1E13A47547}.Release|Any CPU.ActiveCfg = Release|Any CPU
		{7D72BE55-FAFD-4D2F-BC53-AE1E13A47547}.Release|Any CPU.Build.0 = Release|Any CPU
	EndGlobalSection
	GlobalSection(SolutionProperties) = preSolution
		HideSolutionNode = FALSE
	EndGlobalSection
	GlobalSection(ExtensibilityGlobals) = postSolution
		SolutionGuid = {4D47F4BC-39E1-45CD-AD47-342AB3F8A939}
	EndGlobalSection
EndGlobal
